
Microsoft Visual Studio Solution File, Format Version 12.00
# Visual Studio Version 17
VisualStudioVersion = 17.5.33627.172
MinimumVisualStudioVersion = 10.0.40219.1
Project("{FAE04EC0-301F-11D3-BF4B-00C04F79EFBC}") = "C#-tutorial", "C#-tutorial.csproj", "{247F1019-9FF6-43A7-85DE-18F864A4B2AE}"
EndProject
Global
	GlobalSection(SolutionConfigurationPlatforms) = preSolution
		Debug|Any CPU = Debug|Any CPU
		Release|Any CPU = Release|Any CPU
	EndGlobalSection
	GlobalSection(ProjectConfigurationPlatforms) = postSolution
		{247F1019-9FF6-43A7-85DE-18F864A4B2AE}.Debug|Any CPU.ActiveCfg = Debug|Any CPU
		{247F1019-9FF6-43A7-85DE-18F864A4B2AE}.Debug|Any CPU.Build.0 = Debug|Any CPU
		{247F1019-9FF6-43A7-85DE-18F864A4B2AE}.Release|Any CPU.ActiveCfg = Release|Any CPU
		{247F1019-9FF6-43A7-85DE-18F864A4B2AE}.Release|Any CPU.Build.0 = Release|Any CPU
	EndGlobalSection
	GlobalSection(SolutionProperties) = preSolution
		HideSolutionNode = FALSE
	EndGlobalSection
	GlobalSection(ExtensibilityGlobals) = postSolution
		SolutionGuid = {51BE0E10-4E57-4552-8792-DA75AD75AE41}
	EndGlobalSection
EndGlobal
